
Microsoft Visual Studio Solution File, Format Version 12.00
# Visual Studio Version 17
VisualStudioVersion = 17.0.32112.339
MinimumVisualStudioVersion = 10.0.40219.1
Project("{8BC9CEB8-8B4A-11D0-8D11-00A0C91BC942}") = "Lesson33 Solution", "Lesson33 Solution\Lesson33 Solution.vcxproj", "{F49410FE-AAC5-4A90-AAD0-05BFF7BFC407}"
EndProject
Project("{8BC9CEB8-8B4A-11D0-8D11-00A0C91BC942}") = "Task01 Project", "Task01 Project\Task01 Project.vcxproj", "{4C28A3B4-783D-48AD-BABB-EAD9CB8B89CE}"
EndProject
Global
	GlobalSection(SolutionConfigurationPlatforms) = preSolution
		Debug|x64 = Debug|x64
		Debug|x86 = Debug|x86
		Release|x64 = Release|x64
		Release|x86 = Release|x86
	EndGlobalSection
	GlobalSection(ProjectConfigurationPlatforms) = postSolution
		{F49410FE-AAC5-4A90-AAD0-05BFF7BFC407}.Debug|x64.ActiveCfg = Debug|x64
		{F49410FE-AAC5-4A90-AAD0-05BFF7BFC407}.Debug|x64.Build.0 = Debug|x64
		{F49410FE-AAC5-4A90-AAD0-05BFF7BFC407}.Debug|x86.ActiveCfg = Debug|Win32
		{F49410FE-AAC5-4A90-AAD0-05BFF7BFC407}.Debug|x86.Build.0 = Debug|Win32
		{F49410FE-AAC5-4A90-AAD0-05BFF7BFC407}.Release|x64.ActiveCfg = Release|x64
		{F49410FE-AAC5-4A90-AAD0-05BFF7BFC407}.Release|x64.Build.0 = Release|x64
		{F49410FE-AAC5-4A90-AAD0-05BFF7BFC407}.Release|x86.ActiveCfg = Release|Win32
		{F49410FE-AAC5-4A90-AAD0-05BFF7BFC407}.Release|x86.Build.0 = Release|Win32
		{4C28A3B4-783D-48AD-BABB-EAD9CB8B89CE}.Debug|x64.ActiveCfg = Debug|x64
		{4C28A3B4-783D-48AD-BABB-EAD9CB8B89CE}.Debug|x64.Build.0 = Debug|x64
		{4C28A3B4-783D-48AD-BABB-EAD9CB8B89CE}.Debug|x86.ActiveCfg = Debug|Win32
		{4C28A3B4-783D-48AD-BABB-EAD9CB8B89CE}.Debug|x86.Build.0 = Debug|Win32
		{4C28A3B4-783D-48AD-BABB-EAD9CB8B89CE}.Release|x64.ActiveCfg = Release|x64
		{4C28A3B4-783D-48AD-BABB-EAD9CB8B89CE}.Release|x64.Build.0 = Release|x64
		{4C28A3B4-783D-48AD-BABB-EAD9CB8B89CE}.Release|x86.ActiveCfg = Release|Win32
		{4C28A3B4-783D-48AD-BABB-EAD9CB8B89CE}.Release|x86.Build.0 = Release|Win32
	EndGlobalSection
	GlobalSection(SolutionProperties) = preSolution
		HideSolutionNode = FALSE
	EndGlobalSection
	GlobalSection(ExtensibilityGlobals) = postSolution
		SolutionGuid = {B3908B81-2B55-4051-806E-B2796FFD1FB2}
	EndGlobalSection
EndGlobal
